
Microsoft Visual Studio Solution File, Format Version 11.00
# Visual Studio 2010
Project("{FAE04EC0-301F-11D3-BF4B-00C04F79EFBC}") = "CardSelector", "CardSelector.csproj", "{BB76A09D-549C-4799-B327-841D7AD17728}"
EndProject
Global
	GlobalSection(SolutionConfigurationPlatforms) = preSolution
		Debug|x86 = Debug|x86
		Release|x86 = Release|x86
	EndGlobalSection
	GlobalSection(ProjectConfigurationPlatforms) = postSolution
		{BB76A09D-549C-4799-B327-841D7AD17728}.Debug|x86.ActiveCfg = Debug|x86
		{BB76A09D-549C-4799-B327-841D7AD17728}.Debug|x86.Build.0 = Debug|x86
		{BB76A09D-549C-4799-B327-841D7AD17728}.Release|x86.ActiveCfg = Release|x86
		{BB76A09D-549C-4799-B327-841D7AD17728}.Release|x86.Build.0 = Release|x86
	EndGlobalSection
	GlobalSection(MonoDevelopProperties) = preSolution
		StartupItem = CardSelector.csproj
	EndGlobalSection
EndGlobal
